{
  "pins" : [
    {
      "identity" : "commandlinetool",
      "kind" : "remoteSourceControl",
      "location" : "https://github.com/YourMJK/CommandLineTool",
      "state" : {
        "branch" : "main",
        "revision" : "324dbb4d343b2e0d19c20fd5889f585f54484ec4"
      }
    },
    {
      "identity" : "swift-argument-parser",
      "kind" : "remoteSourceControl",
      "location" : "https://github.com/YourMJK/swift-argument-parser",
      "state" : {
        "branch" : "main",
        "revision" : "e323f3feb07c64e05db8db0ac0ad73bd5ceae6ae"
      }
    }
  ],
  "version" : 2
}
