// !$*UTF8*$!
{
	archiveVersion = 1;
	classes = {
	};
	objectVersion = 56;
	objects = {

/* Begin PBXBuildFile section */
		184326652A4F84E20039E73E /* Command.swift in Sources */ = {isa = PBXBuildFile; fileRef = 184326642A4F84E20039E73E /* Command.swift */; };
		1843267E2A4F92B70039E73E /* CommandLineTool in Frameworks */ = {isa = PBXBuildFile; productRef = 1843267D2A4F92B70039E73E /* CommandLineTool */; };
		18F26D722A55BBA10078AF71 /* OrderedCollections in Frameworks */ = {isa = PBXBuildFile; productRef = 18F26D712A55BBA10078AF71 /* OrderedCollections */; };
		18F26D742A5B927C0078AF71 /* PasswordGenerator.CharacterSet.swift in Sources */ = {isa = PBXBuildFile; fileRef = 18F26D732A5B927C0078AF71 /* PasswordGenerator.CharacterSet.swift */; };
		18F6BFD62A66956900E48CA2 /* PasswordGenerator.RequirementsError.swift in Sources */ = {isa = PBXBuildFile; fileRef = 18F6BFD52A66956900E48CA2 /* PasswordGenerator.RequirementsError.swift */; };
		18F72E992A4FAC0C0037B09E /* PasswordGenerator.swift in Sources */ = {isa = PBXBuildFile; fileRef = 18F72E982A4FAC0C0037B09E /* PasswordGenerator.swift */; };
/* End PBXBuildFile section */

/* Begin PBXCopyFilesBuildPhase section */
		1843265F2A4F84E20039E73E /* CopyFiles */ = {
			isa = PBXCopyFilesBuildPhase;
			buildActionMask = 2147483647;
			dstPath = /usr/share/man/man1/;
			dstSubfolderSpec = 0;
			files = (
			);
			runOnlyForDeploymentPostprocessing = 1;
		};
/* End PBXCopyFilesBuildPhase section */

/* Begin PBXFileReference section */
		184326612A4F84E20039E73E /* pwgen */ = {isa = PBXFileReference; explicitFileType = "compiled.mach-o.executable"; includeInIndex = 0; path = pwgen; sourceTree = BUILT_PRODUCTS_DIR; };
		184326642A4F84E20039E73E /* Command.swift */ = {isa = PBXFileReference; lastKnownFileType = sourcecode.swift; path = Command.swift; sourceTree = "<group>"; };
		1843267A2A4F91B80039E73E /* Config.xcconfig */ = {isa = PBXFileReference; lastKnownFileType = text.xcconfig; path = Config.xcconfig; sourceTree = "<group>"; };
		18F26D732A5B927C0078AF71 /* PasswordGenerator.CharacterSet.swift */ = {isa = PBXFileReference; lastKnownFileType = sourcecode.swift; path = PasswordGenerator.CharacterSet.swift; sourceTree = "<group>"; };
		18F6BFD52A66956900E48CA2 /* PasswordGenerator.RequirementsError.swift */ = {isa = PBXFileReference; lastKnownFileType = sourcecode.swift; path = PasswordGenerator.RequirementsError.swift; sourceTree = "<group>"; };
		18F72E982A4FAC0C0037B09E /* PasswordGenerator.swift */ = {isa = PBXFileReference; lastKnownFileType = sourcecode.swift; path = PasswordGenerator.swift; sourceTree = "<group>"; };
/* End PBXFileReference section */

/* Begin PBXFrameworksBuildPhase section */
		1843265E2A4F84E20039E73E /* Frameworks */ = {
			isa = PBXFrameworksBuildPhase;
			buildActionMask = 2147483647;
			files = (
				18F26D722A55BBA10078AF71 /* OrderedCollections in Frameworks */,
				1843267E2A4F92B70039E73E /* CommandLineTool in Frameworks */,
			);
			runOnlyForDeploymentPostprocessing = 0;
		};
/* End PBXFrameworksBuildPhase section */

/* Begin PBXGroup section */
		184326582A4F84E20039E73E = {
			isa = PBXGroup;
			children = (
				1843267A2A4F91B80039E73E /* Config.xcconfig */,
				184326632A4F84E20039E73E /* pwgen */,
				184326622A4F84E20039E73E /* Products */,
				1843266D2A4F88360039E73E /* Frameworks */,
			);
			sourceTree = "<group>";
		};
		184326622A4F84E20039E73E /* Products */ = {
			isa = PBXGroup;
			children = (
				184326612A4F84E20039E73E /* pwgen */,
			);
			name = Products;
			sourceTree = "<group>";
		};
		184326632A4F84E20039E73E /* pwgen */ = {
			isa = PBXGroup;
			children = (
				184326642A4F84E20039E73E /* Command.swift */,
				18F72E982A4FAC0C0037B09E /* PasswordGenerator.swift */,
				18F26D732A5B927C0078AF71 /* PasswordGenerator.CharacterSet.swift */,
				18F6BFD52A66956900E48CA2 /* PasswordGenerator.RequirementsError.swift */,
			);
			path = pwgen;
			sourceTree = "<group>";
		};
		1843266D2A4F88360039E73E /* Frameworks */ = {
			isa = PBXGroup;
			children = (
			);
			name = Frameworks;
			sourceTree = "<group>";
		};
/* End PBXGroup section */

/* Begin PBXNativeTarget section */
		184326602A4F84E20039E73E /* pwgen */ = {
			isa = PBXNativeTarget;
			buildConfigurationList = 184326682A4F84E20039E73E /* Build configuration list for PBXNativeTarget "pwgen" */;
			buildPhases = (
				1843265D2A4F84E20039E73E /* Sources */,
				1843265E2A4F84E20039E73E /* Frameworks */,
				1843265F2A4F84E20039E73E /* CopyFiles */,
			);
			buildRules = (
			);
			dependencies = (
			);
			name = pwgen;
			packageProductDependencies = (
				1843267D2A4F92B70039E73E /* CommandLineTool */,
				18F26D712A55BBA10078AF71 /* OrderedCollections */,
			);
			productName = pwgen;
			productReference = 184326612A4F84E20039E73E /* pwgen */;
			productType = "com.apple.product-type.tool";
		};
/* End PBXNativeTarget section */

/* Begin PBXProject section */
		184326592A4F84E20039E73E /* Project object */ = {
			isa = PBXProject;
			attributes = {
				BuildIndependentTargetsInParallel = 1;
				LastSwiftUpdateCheck = 1420;
				LastUpgradeCheck = 1420;
				TargetAttributes = {
					184326602A4F84E20039E73E = {
						CreatedOnToolsVersion = 14.2;
					};
				};
			};
			buildConfigurationList = 1843265C2A4F84E20039E73E /* Build configuration list for PBXProject "pwgen" */;
			compatibilityVersion = "Xcode 14.0";
			developmentRegion = en;
			hasScannedForEncodings = 0;
			knownRegions = (
				en,
				Base,
			);
			mainGroup = 184326582A4F84E20039E73E;
			packageReferences = (
				1843267C2A4F92B70039E73E /* XCRemoteSwiftPackageReference "CommandLineTool" */,
				18F26D702A55BBA10078AF71 /* XCRemoteSwiftPackageReference "swift-collections" */,
			);
			productRefGroup = 184326622A4F84E20039E73E /* Products */;
			projectDirPath = "";
			projectRoot = "";
			targets = (
				184326602A4F84E20039E73E /* pwgen */,
			);
		};
/* End PBXProject section */

/* Begin PBXSourcesBuildPhase section */
		1843265D2A4F84E20039E73E /* Sources */ = {
			isa = PBXSourcesBuildPhase;
			buildActionMask = 2147483647;
			files = (
				184326652A4F84E20039E73E /* Command.swift in Sources */,
				18F72E992A4FAC0C0037B09E /* PasswordGenerator.swift in Sources */,
				18F6BFD62A66956900E48CA2 /* PasswordGenerator.RequirementsError.swift in Sources */,
				18F26D742A5B927C0078AF71 /* PasswordGenerator.CharacterSet.swift in Sources */,
			);
			runOnlyForDeploymentPostprocessing = 0;
		};
/* End PBXSourcesBuildPhase section */

/* Begin XCBuildConfiguration section */
		184326662A4F84E20039E73E /* Debug */ = {
			isa = XCBuildConfiguration;
			buildSettings = {
				ALWAYS_SEARCH_USER_PATHS = NO;
				CLANG_ANALYZER_NONNULL = YES;
				CLANG_ANALYZER_NUMBER_OBJECT_CONVERSION = YES_AGGRESSIVE;
				CLANG_CXX_LANGUAGE_STANDARD = "gnu++20";
				CLANG_ENABLE_MODULES = YES;
				CLANG_ENABLE_OBJC_ARC = YES;
				CLANG_ENABLE_OBJC_WEAK = YES;
				CLANG_WARN_BLOCK_CAPTURE_AUTORELEASING = YES;
				CLANG_WARN_BOOL_CONVERSION = YES;
				CLANG_WARN_COMMA = YES;
				CLANG_WARN_CONSTANT_CONVERSION = YES;
				CLANG_WARN_DEPRECATED_OBJC_IMPLEMENTATIONS = YES;
				CLANG_WARN_DIRECT_OBJC_ISA_USAGE = YES_ERROR;
				CLANG_WARN_DOCUMENTATION_COMMENTS = YES;
				CLANG_WARN_EMPTY_BODY = YES;
				CLANG_WARN_ENUM_CONVERSION = YES;
				CLANG_WARN_INFINITE_RECURSION = YES;
				CLANG_WARN_INT_CONVERSION = YES;
				CLANG_WARN_NON_LITERAL_NULL_CONVERSION = YES;
				CLANG_WARN_OBJC_IMPLICIT_RETAIN_SELF = YES;
				CLANG_WARN_OBJC_LITERAL_CONVERSION = YES;
				CLANG_WARN_OBJC_ROOT_CLASS = YES_ERROR;
				CLANG_WARN_QUOTED_INCLUDE_IN_FRAMEWORK_HEADER = YES;
				CLANG_WARN_RANGE_LOOP_ANALYSIS = YES;
				CLANG_WARN_STRICT_PROTOTYPES = YES;
				CLANG_WARN_SUSPICIOUS_MOVE = YES;
				CLANG_WARN_UNGUARDED_AVAILABILITY = YES_AGGRESSIVE;
				CLANG_WARN_UNREACHABLE_CODE = YES;
				CLANG_WARN__DUPLICATE_METHOD_MATCH = YES;
				COPY_PHASE_STRIP = NO;
				DEBUG_INFORMATION_FORMAT = dwarf;
				ENABLE_STRICT_OBJC_MSGSEND = YES;
				ENABLE_TESTABILITY = YES;
				GCC_C_LANGUAGE_STANDARD = gnu11;
				GCC_DYNAMIC_NO_PIC = NO;
				GCC_NO_COMMON_BLOCKS = YES;
				GCC_OPTIMIZATION_LEVEL = 0;
				GCC_PREPROCESSOR_DEFINITIONS = (
					"DEBUG=1",
					"$(inherited)",
				);
				GCC_WARN_64_TO_32_BIT_CONVERSION = YES;
				GCC_WARN_ABOUT_RETURN_TYPE = YES_ERROR;
				GCC_WARN_UNDECLARED_SELECTOR = YES;
				GCC_WARN_UNINITIALIZED_AUTOS = YES_AGGRESSIVE;
				GCC_WARN_UNUSED_FUNCTION = YES;
				GCC_WARN_UNUSED_VARIABLE = YES;
				MACOSX_DEPLOYMENT_TARGET = 12.6;
				MTL_ENABLE_DEBUG_INFO = INCLUDE_SOURCE;
				MTL_FAST_MATH = YES;
				ONLY_ACTIVE_ARCH = YES;
				SDKROOT = macosx;
				SWIFT_ACTIVE_COMPILATION_CONDITIONS = DEBUG;
				SWIFT_OPTIMIZATION_LEVEL = "-Onone";
			};
			name = Debug;
		};
		184326672A4F84E20039E73E /* Release */ = {
			isa = XCBuildConfiguration;
			buildSettings = {
				ALWAYS_SEARCH_USER_PATHS = NO;
				CLANG_ANALYZER_NONNULL = YES;
				CLANG_ANALYZER_NUMBER_OBJECT_CONVERSION = YES_AGGRESSIVE;
				CLANG_CXX_LANGUAGE_STANDARD = "gnu++20";
				CLANG_ENABLE_MODULES = YES;
				CLANG_ENABLE_OBJC_ARC = YES;
				CLANG_ENABLE_OBJC_WEAK = YES;
				CLANG_WARN_BLOCK_CAPTURE_AUTORELEASING = YES;
				CLANG_WARN_BOOL_CONVERSION = YES;
				CLANG_WARN_COMMA = YES;
				CLANG_WARN_CONSTANT_CONVERSION = YES;
				CLANG_WARN_DEPRECATED_OBJC_IMPLEMENTATIONS = YES;
				CLANG_WARN_DIRECT_OBJC_ISA_USAGE = YES_ERROR;
				CLANG_WARN_DOCUMENTATION_COMMENTS = YES;
				CLANG_WARN_EMPTY_BODY = YES;
				CLANG_WARN_ENUM_CONVERSION = YES;
				CLANG_WARN_INFINITE_RECURSION = YES;
				CLANG_WARN_INT_CONVERSION = YES;
				CLANG_WARN_NON_LITERAL_NULL_CONVERSION = YES;
				CLANG_WARN_OBJC_IMPLICIT_RETAIN_SELF = YES;
				CLANG_WARN_OBJC_LITERAL_CONVERSION = YES;
				CLANG_WARN_OBJC_ROOT_CLASS = YES_ERROR;
				CLANG_WARN_QUOTED_INCLUDE_IN_FRAMEWORK_HEADER = YES;
				CLANG_WARN_RANGE_LOOP_ANALYSIS = YES;
				CLANG_WARN_STRICT_PROTOTYPES = YES;
				CLANG_WARN_SUSPICIOUS_MOVE = YES;
				CLANG_WARN_UNGUARDED_AVAILABILITY = YES_AGGRESSIVE;
				CLANG_WARN_UNREACHABLE_CODE = YES;
				CLANG_WARN__DUPLICATE_METHOD_MATCH = YES;
				COPY_PHASE_STRIP = NO;
				DEBUG_INFORMATION_FORMAT = "dwarf-with-dsym";
				ENABLE_NS_ASSERTIONS = NO;
				ENABLE_STRICT_OBJC_MSGSEND = YES;
				GCC_C_LANGUAGE_STANDARD = gnu11;
				GCC_NO_COMMON_BLOCKS = YES;
				GCC_WARN_64_TO_32_BIT_CONVERSION = YES;
				GCC_WARN_ABOUT_RETURN_TYPE = YES_ERROR;
				GCC_WARN_UNDECLARED_SELECTOR = YES;
				GCC_WARN_UNINITIALIZED_AUTOS = YES_AGGRESSIVE;
				GCC_WARN_UNUSED_FUNCTION = YES;
				GCC_WARN_UNUSED_VARIABLE = YES;
				MACOSX_DEPLOYMENT_TARGET = 12.6;
				MTL_ENABLE_DEBUG_INFO = NO;
				MTL_FAST_MATH = YES;
				SDKROOT = macosx;
				SWIFT_COMPILATION_MODE = wholemodule;
				SWIFT_OPTIMIZATION_LEVEL = "-O";
			};
			name = Release;
		};
		184326692A4F84E20039E73E /* Debug */ = {
			isa = XCBuildConfiguration;
			buildSettings = {
				CODE_SIGN_STYLE = Automatic;
				PRODUCT_NAME = "$(TARGET_NAME)";
				SWIFT_VERSION = 5.0;
			};
			name = Debug;
		};
		1843266A2A4F84E20039E73E /* Release */ = {
			isa = XCBuildConfiguration;
			baseConfigurationReference = 1843267A2A4F91B80039E73E /* Config.xcconfig */;
			buildSettings = {
				CODE_SIGN_STYLE = Automatic;
				PRODUCT_NAME = "$(TARGET_NAME)";
				SWIFT_VERSION = 5.0;
			};
			name = Release;
		};
/* End XCBuildConfiguration section */

/* Begin XCConfigurationList section */
		1843265C2A4F84E20039E73E /* Build configuration list for PBXProject "pwgen" */ = {
			isa = XCConfigurationList;
			buildConfigurations = (
				184326662A4F84E20039E73E /* Debug */,
				184326672A4F84E20039E73E /* Release */,
			);
			defaultConfigurationIsVisible = 0;
			defaultConfigurationName = Release;
		};
		184326682A4F84E20039E73E /* Build configuration list for PBXNativeTarget "pwgen" */ = {
			isa = XCConfigurationList;
			buildConfigurations = (
				184326692A4F84E20039E73E /* Debug */,
				1843266A2A4F84E20039E73E /* Release */,
			);
			defaultConfigurationIsVisible = 0;
			defaultConfigurationName = Release;
		};
/* End XCConfigurationList section */

/* Begin XCRemoteSwiftPackageReference section */
		1843267C2A4F92B70039E73E /* XCRemoteSwiftPackageReference "CommandLineTool" */ = {
			isa = XCRemoteSwiftPackageReference;
			repositoryURL = "https://github.com/YourMJK/CommandLineTool";
			requirement = {
				kind = upToNextMajorVersion;
				minimumVersion = 1.0.0;
			};
		};
		18F26D702A55BBA10078AF71 /* XCRemoteSwiftPackageReference "swift-collections" */ = {
			isa = XCRemoteSwiftPackageReference;
			repositoryURL = "https://github.com/apple/swift-collections";
			requirement = {
				kind = upToNextMajorVersion;
				minimumVersion = 1.0.0;
			};
		};
/* End XCRemoteSwiftPackageReference section */

/* Begin XCSwiftPackageProductDependency section */
		1843267D2A4F92B70039E73E /* CommandLineTool */ = {
			isa = XCSwiftPackageProductDependency;
			package = 1843267C2A4F92B70039E73E /* XCRemoteSwiftPackageReference "CommandLineTool" */;
			productName = CommandLineTool;
		};
		18F26D712A55BBA10078AF71 /* OrderedCollections */ = {
			isa = XCSwiftPackageProductDependency;
			package = 18F26D702A55BBA10078AF71 /* XCRemoteSwiftPackageReference "swift-collections" */;
			productName = OrderedCollections;
		};
/* End XCSwiftPackageProductDependency section */
	};
	rootObject = 184326592A4F84E20039E73E /* Project object */;
}
